{
  "name": "playwright-typescript",
  "version": "1.0.0",
  "lockfileVersion": 3,
  "requires": true,
  "packages": {
    "": {
      "name": "playwright-typescript",
      "version": "1.0.0",
      "license": "ISC",
      "dependencies": {
        "faker": "^5.5.3"
      },
      "devDependencies": {
        "@axe-core/playwright": "^4.10.1",
        "@faker-js/faker": "^8.4.1",
        "@playwright/test": "^1.45.1",
        "@types/node": "^20.14.10",
        "allure-commandline": "^2.30.0",
        "allure-playwright": "^3.0.5",
        "nock": "^13.5.4"
      }
    },
    "node_modules/@axe-core/playwright": {
      "version": "4.10.1",
      "resolved": "https://registry.npmjs.org/@axe-core/playwright/-/playwright-4.10.1.tgz",
      "integrity": "sha512-EV5t39VV68kuAfMKqb/RL+YjYKhfuGim9rgIaQ6Vntb2HgaCaau0h98Y3WEUqW1+PbdzxDtDNjFAipbtZuBmEA==",
      "dev": true,
      "license": "MPL-2.0",
      "dependencies": {
        "axe-core": "~4.10.2"
      },
      "peerDependencies": {
        "playwright-core": ">= 1.0.0"
      }
    },
    "node_modules/@faker-js/faker": {
      "version": "8.4.1",
      "resolved": "https://registry.npmjs.org/@faker-js/faker/-/faker-8.4.1.tgz",
      "integrity": "sha512-XQ3cU+Q8Uqmrbf2e0cIC/QN43sTBSC8KF12u29Mb47tWrt2hAgBXSgpZMj4Ao8Uk0iJcU99QsOCaIL8934obCg==",
      "dev": true,
      "funding": [
        {
          "type": "opencollective",
          "url": "https://opencollective.com/fakerjs"
        }
      ],
      "license": "MIT",
      "engines": {
        "node": "^14.17.0 || ^16.13.0 || >=18.0.0",
        "npm": ">=6.14.13"
      }
    },
    "node_modules/@playwright/test": {
      "version": "1.45.1",
      "resolved": "https://registry.npmjs.org/@playwright/test/-/test-1.45.1.tgz",
      "integrity": "sha512-Wo1bWTzQvGA7LyKGIZc8nFSTFf2TkthGIFBR+QVNilvwouGzFd4PYukZe3rvf5PSqjHi1+1NyKSDZKcQWETzaA==",
      "dev": true,
      "license": "Apache-2.0",
      "dependencies": {
        "playwright": "1.45.1"
      },
      "bin": {
        "playwright": "cli.js"
      },
      "engines": {
        "node": ">=18"
      }
    },
    "node_modules/@types/node": {
      "version": "20.14.10",
      "resolved": "https://registry.npmjs.org/@types/node/-/node-20.14.10.tgz",
      "integrity": "sha512-MdiXf+nDuMvY0gJKxyfZ7/6UFsETO7mGKF54MVD/ekJS6HdFtpZFBgrh6Pseu64XTb2MLyFPlbW6hj8HYRQNOQ==",
      "dev": true,
      "license": "MIT",
      "dependencies": {
        "undici-types": "~5.26.4"
      }
    },
    "node_modules/allure-commandline": {
      "version": "2.30.0",
      "resolved": "https://registry.npmjs.org/allure-commandline/-/allure-commandline-2.30.0.tgz",
      "integrity": "sha512-qSaGG/I8P38q8gufnxvEog+IrIeCick+PJxxoTp5Vh/L8kviymIfv3A7fvYWziOqZ/oDywyOuNFMEfPZiiKwAA==",
      "dev": true,
      "license": "Apache-2.0",
      "bin": {
        "allure": "bin/allure"
      }
    },
    "node_modules/allure-js-commons": {
      "version": "3.0.5",
      "resolved": "https://registry.npmjs.org/allure-js-commons/-/allure-js-commons-3.0.5.tgz",
      "integrity": "sha512-kIrai/gDbJdwvN2pW5dYN2W7HrbrRSu8VoodBWWEO36e/AVPsEUoQ5owzRtEknYplRBD+lnhyn3a5xgM9oAsAg==",
      "dev": true,
      "license": "Apache-2.0",
      "dependencies": {
        "md5": "^2.3.0"
      },
      "peerDependencies": {
        "allure-playwright": "3.0.5"
      },
      "peerDependenciesMeta": {
        "allure-playwright": {
          "optional": true
        }
      }
    },
    "node_modules/allure-playwright": {
      "version": "3.0.5",
      "resolved": "https://registry.npmjs.org/allure-playwright/-/allure-playwright-3.0.5.tgz",
      "integrity": "sha512-mB8RnvhuS0WAirp7CKqj0oQ2RZd0LWzI82rNn8I72ARwHp1M5t1Uqfmsfnxr7XP0gARZtej2pa8imJySRYqftQ==",
      "dev": true,
      "license": "Apache-2.0",
      "dependencies": {
        "allure-js-commons": "3.0.5"
      },
      "peerDependencies": {
        "@playwright/test": ">=1.36.0"
      }
    },
    "node_modules/axe-core": {
      "version": "4.10.2",
      "resolved": "https://registry.npmjs.org/axe-core/-/axe-core-4.10.2.tgz",
      "integrity": "sha512-RE3mdQ7P3FRSe7eqCWoeQ/Z9QXrtniSjp1wUjt5nRC3WIpz5rSCve6o3fsZ2aCpJtrZjSZgjwXAoTO5k4tEI0w==",
      "dev": true,
      "license": "MPL-2.0",
      "engines": {
        "node": ">=4"
      }
    },
    "node_modules/charenc": {
      "version": "0.0.2",
      "resolved": "https://registry.npmjs.org/charenc/-/charenc-0.0.2.tgz",
      "integrity": "sha512-yrLQ/yVUFXkzg7EDQsPieE/53+0RlaWTs+wBrvW36cyilJ2SaDWfl4Yj7MtLTXleV9uEKefbAGUPv2/iWSooRA==",
      "dev": true,
      "license": "BSD-3-Clause",
      "engines": {
        "node": "*"
      }
    },
    "node_modules/crypt": {
      "version": "0.0.2",
      "resolved": "https://registry.npmjs.org/crypt/-/crypt-0.0.2.tgz",
      "integrity": "sha512-mCxBlsHFYh9C+HVpiEacem8FEBnMXgU9gy4zmNC+SXAZNB/1idgp/aulFJ4FgCi7GPEVbfyng092GqL2k2rmow==",
      "dev": true,
      "license": "BSD-3-Clause",
      "engines": {
        "node": "*"
      }
    },
    "node_modules/debug": {
      "version": "4.3.5",
      "resolved": "https://registry.npmjs.org/debug/-/debug-4.3.5.tgz",
      "integrity": "sha512-pt0bNEmneDIvdL1Xsd9oDQ/wrQRkXDT4AUWlNZNPKvW5x/jyO9VFXkJUP07vQ2upmw5PlaITaPKc31jK13V+jg==",
      "dev": true,
      "license": "MIT",
      "dependencies": {
        "ms": "2.1.2"
      },
      "engines": {
        "node": ">=6.0"
      },
      "peerDependenciesMeta": {
        "supports-color": {
          "optional": true
        }
      }
    },
    "node_modules/faker": {
      "version": "5.5.3",
      "resolved": "https://registry.npmjs.org/faker/-/faker-5.5.3.tgz",
      "integrity": "sha512-wLTv2a28wjUyWkbnX7u/ABZBkUkIF2fCd73V6P2oFqEGEktDfzWx4UxrSqtPRw0xPRAcjeAOIiJWqZm3pP4u3g==",
      "license": "MIT"
    },
    "node_modules/fsevents": {
      "version": "2.3.2",
      "resolved": "https://registry.npmjs.org/fsevents/-/fsevents-2.3.2.tgz",
      "integrity": "sha512-xiqMQR4xAeHTuB9uWm+fFRcIOgKBMiOBP+eXiyT7jsgVCq1bkVygt00oASowB7EdtpOHaaPgKt812P9ab+DDKA==",
      "dev": true,
      "hasInstallScript": true,
      "license": "MIT",
      "optional": true,
      "os": [
        "darwin"
      ],
      "engines": {
        "node": "^8.16.0 || ^10.6.0 || >=11.0.0"
      }
    },
    "node_modules/is-buffer": {
      "version": "1.1.6",
      "resolved": "https://registry.npmjs.org/is-buffer/-/is-buffer-1.1.6.tgz",
      "integrity": "sha512-NcdALwpXkTm5Zvvbk7owOUSvVvBKDgKP5/ewfXEznmQFfs4ZRmanOeKBTjRVjka3QFoN6XJ+9F3USqfHqTaU5w==",
      "dev": true,
      "license": "MIT"
    },
    "node_modules/json-stringify-safe": {
      "version": "5.0.1",
      "resolved": "https://registry.npmjs.org/json-stringify-safe/-/json-stringify-safe-5.0.1.tgz",
      "integrity": "sha512-ZClg6AaYvamvYEE82d3Iyd3vSSIjQ+odgjaTzRuO3s7toCdFKczob2i0zCh7JE8kWn17yvAWhUVxvqGwUalsRA==",
      "dev": true,
      "license": "ISC"
    },
    "node_modules/md5": {
      "version": "2.3.0",
      "resolved": "https://registry.npmjs.org/md5/-/md5-2.3.0.tgz",
      "integrity": "sha512-T1GITYmFaKuO91vxyoQMFETst+O71VUPEU3ze5GNzDm0OWdP8v1ziTaAEPUr/3kLsY3Sftgz242A1SetQiDL7g==",
      "dev": true,
      "license": "BSD-3-Clause",
      "dependencies": {
        "charenc": "0.0.2",
        "crypt": "0.0.2",
        "is-buffer": "~1.1.6"
      }
    },
    "node_modules/ms": {
      "version": "2.1.2",
      "resolved": "https://registry.npmjs.org/ms/-/ms-2.1.2.tgz",
      "integrity": "sha512-sGkPx+VjMtmA6MX27oA4FBFELFCZZ4S4XqeGOXCv68tT+jb3vk/RyaKWP0PTKyWtmLSM0b+adUTEvbs1PEaH2w==",
      "dev": true,
      "license": "MIT"
    },
    "node_modules/nock": {
      "version": "13.5.4",
      "resolved": "https://registry.npmjs.org/nock/-/nock-13.5.4.tgz",
      "integrity": "sha512-yAyTfdeNJGGBFxWdzSKCBYxs5FxLbCg5X5Q4ets974hcQzG1+qCxvIyOo4j2Ry6MUlhWVMX4OoYDefAIIwupjw==",
      "dev": true,
      "license": "MIT",
      "dependencies": {
        "debug": "^4.1.0",
        "json-stringify-safe": "^5.0.1",
        "propagate": "^2.0.0"
      },
      "engines": {
        "node": ">= 10.13"
      }
    },
    "node_modules/playwright": {
      "version": "1.45.1",
      "resolved": "https://registry.npmjs.org/playwright/-/playwright-1.45.1.tgz",
      "integrity": "sha512-Hjrgae4kpSQBr98nhCj3IScxVeVUixqj+5oyif8TdIn2opTCPEzqAqNMeK42i3cWDCVu9MI+ZsGWw+gVR4ISBg==",
      "dev": true,
      "license": "Apache-2.0",
      "dependencies": {
        "playwright-core": "1.45.1"
      },
      "bin": {
        "playwright": "cli.js"
      },
      "engines": {
        "node": ">=18"
      },
      "optionalDependencies": {
        "fsevents": "2.3.2"
      }
    },
    "node_modules/playwright-core": {
      "version": "1.45.1",
      "resolved": "https://registry.npmjs.org/playwright-core/-/playwright-core-1.45.1.tgz",
      "integrity": "sha512-LF4CUUtrUu2TCpDw4mcrAIuYrEjVDfT1cHbJMfwnE2+1b8PZcFzPNgvZCvq2JfQ4aTjRCCHw5EJ2tmr2NSzdPg==",
      "dev": true,
      "license": "Apache-2.0",
      "bin": {
        "playwright-core": "cli.js"
      },
      "engines": {
        "node": ">=18"
      }
    },
    "node_modules/propagate": {
      "version": "2.0.1",
      "resolved": "https://registry.npmjs.org/propagate/-/propagate-2.0.1.tgz",
      "integrity": "sha512-vGrhOavPSTz4QVNuBNdcNXePNdNMaO1xj9yBeH1ScQPjk/rhg9sSlCXPhMkFuaNNW/syTvYqsnbIJxMBfRbbag==",
      "dev": true,
      "license": "MIT",
      "engines": {
        "node": ">= 8"
      }
    },
    "node_modules/undici-types": {
      "version": "5.26.5",
      "resolved": "https://registry.npmjs.org/undici-types/-/undici-types-5.26.5.tgz",
      "integrity": "sha512-JlCMO+ehdEIKqlFxk6IfVoAUVmgz7cU7zD/h9XZ0qzeosSHmUJVOzSQvvYSYWXkFXC+IfLKSIffhv0sVZup6pA==",
      "dev": true,
      "license": "MIT"
    }
  }
}
